// !$*UTF8*$!
{
	archiveVersion = 1;
	classes = {
	};
	objectVersion = 46;
	objects = {

/* Begin PBXBuildFile section */
		F40C81CA13887A2F00B6C525 /* Credits.html in Resources */ = {isa = PBXBuildFile; fileRef = F40C81C913887A2F00B6C525 /* Credits.html */; };
		F40C81CE13887FE300B6C525 /* happy.png in Resources */ = {isa = PBXBuildFile; fileRef = F40C81CC13887FE300B6C525 /* happy.png */; };
		F40C81CF13887FE300B6C525 /* sad.png in Resources */ = {isa = PBXBuildFile; fileRef = F40C81CD13887FE300B6C525 /* sad.png */; };
		F40C829413888FE200B6C525 /* BayesianKit.framework in Frameworks */ = {isa = PBXBuildFile; fileRef = F40C829313888FE200B6C525 /* BayesianKit.framework */; settings = {ATTRIBUTES = (Required, ); }; };
		F40CA5E2138A287F009B8160 /* FeedList.xib in Resources */ = {isa = PBXBuildFile; fileRef = F40CA5E1138A287E009B8160 /* FeedList.xib */; };
		F426C02513861DCC00004388 /* NSDate_iso8601.m in Sources */ = {isa = PBXBuildFile; fileRef = F426C02413861DCC00004388 /* NSDate_iso8601.m */; };
		F454E218138B56F500CC8158 /* FeedViewController.m in Sources */ = {isa = PBXBuildFile; fileRef = F454E217138B56F500CC8158 /* FeedViewController.m */; };
		F454E21B138CC06C00CC8158 /* NSArray_extras.m in Sources */ = {isa = PBXBuildFile; fileRef = F454E21A138CC06C00CC8158 /* NSArray_extras.m */; };
		F454E21D138EB47600CC8158 /* MoreNewer.xib in Resources */ = {isa = PBXBuildFile; fileRef = F454E21C138EB47600CC8158 /* MoreNewer.xib */; };
		F48AB8611384C66400BC9EF6 /* Cocoa.framework in Frameworks */ = {isa = PBXBuildFile; fileRef = F48AB8601384C66400BC9EF6 /* Cocoa.framework */; };
		F48AB86B1384C66400BC9EF6 /* InfoPlist.strings in Resources */ = {isa = PBXBuildFile; fileRef = F48AB8691384C66400BC9EF6 /* InfoPlist.strings */; };
		F48AB86E1384C66400BC9EF6 /* main.m in Sources */ = {isa = PBXBuildFile; fileRef = F48AB86D1384C66400BC9EF6 /* main.m */; };
		F48AB8741384C66400BC9EF6 /* TakeBackChatterAppDelegate.m in Sources */ = {isa = PBXBuildFile; fileRef = F48AB8731384C66400BC9EF6 /* TakeBackChatterAppDelegate.m */; };
		F48AB8771384C66400BC9EF6 /* MainMenu.xib in Resources */ = {isa = PBXBuildFile; fileRef = F48AB8751384C66400BC9EF6 /* MainMenu.xib */; };
		F48AB8CA1384CB3C00BC9EF6 /* zkAuthentication.m in Sources */ = {isa = PBXBuildFile; fileRef = F48AB8881384CB3C00BC9EF6 /* zkAuthentication.m */; };
		F48AB8CB1384CB3C00BC9EF6 /* zkBaseClient.m in Sources */ = {isa = PBXBuildFile; fileRef = F48AB88A1384CB3C00BC9EF6 /* zkBaseClient.m */; };
		F48AB8CC1384CB3C00BC9EF6 /* zkChildRelationship.m in Sources */ = {isa = PBXBuildFile; fileRef = F48AB88C1384CB3C00BC9EF6 /* zkChildRelationship.m */; };
		F48AB8CD1384CB3C00BC9EF6 /* zkDescribeField.m in Sources */ = {isa = PBXBuildFile; fileRef = F48AB88E1384CB3C00BC9EF6 /* zkDescribeField.m */; };
		F48AB8CE1384CB3C00BC9EF6 /* zkDescribeGlobalSObject.m in Sources */ = {isa = PBXBuildFile; fileRef = F48AB8901384CB3C00BC9EF6 /* zkDescribeGlobalSObject.m */; };
		F48AB8CF1384CB3C00BC9EF6 /* ZKDescribeLayout.m in Sources */ = {isa = PBXBuildFile; fileRef = F48AB8921384CB3C00BC9EF6 /* ZKDescribeLayout.m */; };
		F48AB8D01384CB3C00BC9EF6 /* ZKDescribeLayoutButton.m in Sources */ = {isa = PBXBuildFile; fileRef = F48AB8941384CB3C00BC9EF6 /* ZKDescribeLayoutButton.m */; };
		F48AB8D11384CB3C00BC9EF6 /* ZKDescribeLayoutButtonSection.m in Sources */ = {isa = PBXBuildFile; fileRef = F48AB8961384CB3C00BC9EF6 /* ZKDescribeLayoutButtonSection.m */; };
		F48AB8D21384CB3C00BC9EF6 /* ZKDescribeLayoutComponent.m in Sources */ = {isa = PBXBuildFile; fileRef = F48AB8981384CB3C00BC9EF6 /* ZKDescribeLayoutComponent.m */; };
		F48AB8D31384CB3C00BC9EF6 /* ZKDescribeLayoutItem.m in Sources */ = {isa = PBXBuildFile; fileRef = F48AB89A1384CB3C00BC9EF6 /* ZKDescribeLayoutItem.m */; };
		F48AB8D41384CB3C00BC9EF6 /* ZKDescribeLayoutResult.m in Sources */ = {isa = PBXBuildFile; fileRef = F48AB89C1384CB3C00BC9EF6 /* ZKDescribeLayoutResult.m */; };
		F48AB8D51384CB3C00BC9EF6 /* ZKDescribeLayoutRow.m in Sources */ = {isa = PBXBuildFile; fileRef = F48AB89E1384CB3C00BC9EF6 /* ZKDescribeLayoutRow.m */; };
		F48AB8D61384CB3C00BC9EF6 /* ZKDescribeLayoutSection.m in Sources */ = {isa = PBXBuildFile; fileRef = F48AB8A01384CB3C00BC9EF6 /* ZKDescribeLayoutSection.m */; };
		F48AB8D71384CB3C00BC9EF6 /* zkDescribeSObject.m in Sources */ = {isa = PBXBuildFile; fileRef = F48AB8A21384CB3C00BC9EF6 /* zkDescribeSObject.m */; };
		F48AB8D81384CB3C00BC9EF6 /* zkEnvelope.m in Sources */ = {isa = PBXBuildFile; fileRef = F48AB8A41384CB3C00BC9EF6 /* zkEnvelope.m */; };
		F48AB8D91384CB3C00BC9EF6 /* zkLoginResult.m in Sources */ = {isa = PBXBuildFile; fileRef = F48AB8A61384CB3C00BC9EF6 /* zkLoginResult.m */; };
		F48AB8DA1384CB3C00BC9EF6 /* zkParser.m in Sources */ = {isa = PBXBuildFile; fileRef = F48AB8A81384CB3C00BC9EF6 /* zkParser.m */; };
		F48AB8DB1384CB3C00BC9EF6 /* ZKPartnerEnvelope.m in Sources */ = {isa = PBXBuildFile; fileRef = F48AB8AA1384CB3C00BC9EF6 /* ZKPartnerEnvelope.m */; };
		F48AB8DC1384CB3C00BC9EF6 /* ZKPicklistEntry.m in Sources */ = {isa = PBXBuildFile; fileRef = F48AB8AC1384CB3C00BC9EF6 /* ZKPicklistEntry.m */; };
		F48AB8DD1384CB3C00BC9EF6 /* ZKPicklistForRecordType.m in Sources */ = {isa = PBXBuildFile; fileRef = F48AB8AE1384CB3C00BC9EF6 /* ZKPicklistForRecordType.m */; };
		F48AB8DE1384CB3C00BC9EF6 /* zkQueryResult_NSTableView.m in Sources */ = {isa = PBXBuildFile; fileRef = F48AB8B01384CB3C00BC9EF6 /* zkQueryResult_NSTableView.m */; };
		F48AB8DF1384CB3C00BC9EF6 /* zkQueryResult.m in Sources */ = {isa = PBXBuildFile; fileRef = F48AB8B21384CB3C00BC9EF6 /* zkQueryResult.m */; };
		F48AB8E01384CB3C00BC9EF6 /* ZKRecordTypeInfo.m in Sources */ = {isa = PBXBuildFile; fileRef = F48AB8B41384CB3C00BC9EF6 /* ZKRecordTypeInfo.m */; };
		F48AB8E11384CB3C00BC9EF6 /* ZKRecordTypeMapping.m in Sources */ = {isa = PBXBuildFile; fileRef = F48AB8B61384CB3C00BC9EF6 /* ZKRecordTypeMapping.m */; };
		F48AB8E21384CB3C00BC9EF6 /* ZKRelatedList.m in Sources */ = {isa = PBXBuildFile; fileRef = F48AB8B81384CB3C00BC9EF6 /* ZKRelatedList.m */; };
		F48AB8E31384CB3C00BC9EF6 /* ZKRelatedListColumn.m in Sources */ = {isa = PBXBuildFile; fileRef = F48AB8BA1384CB3C00BC9EF6 /* ZKRelatedListColumn.m */; };
		F48AB8E41384CB3C00BC9EF6 /* ZKRelatedListSort.m in Sources */ = {isa = PBXBuildFile; fileRef = F48AB8BC1384CB3C00BC9EF6 /* ZKRelatedListSort.m */; };
		F48AB8E51384CB3C00BC9EF6 /* zkSaveResult.m in Sources */ = {isa = PBXBuildFile; fileRef = F48AB8BE1384CB3C00BC9EF6 /* zkSaveResult.m */; };
		F48AB8E61384CB3C00BC9EF6 /* zkSforceClient.m in Sources */ = {isa = PBXBuildFile; fileRef = F48AB8C11384CB3C00BC9EF6 /* zkSforceClient.m */; };
		F48AB8E71384CB3C00BC9EF6 /* zkSoapException.m in Sources */ = {isa = PBXBuildFile; fileRef = F48AB8C31384CB3C00BC9EF6 /* zkSoapException.m */; };
		F48AB8E81384CB3C00BC9EF6 /* zkSObject.m in Sources */ = {isa = PBXBuildFile; fileRef = F48AB8C51384CB3C00BC9EF6 /* zkSObject.m */; };
		F48AB8E91384CB3C00BC9EF6 /* zkUserInfo.m in Sources */ = {isa = PBXBuildFile; fileRef = F48AB8C71384CB3C00BC9EF6 /* zkUserInfo.m */; };
		F48AB8EA1384CB3C00BC9EF6 /* zkXmlDeserializer.m in Sources */ = {isa = PBXBuildFile; fileRef = F48AB8C91384CB3C00BC9EF6 /* zkXmlDeserializer.m */; };
		F48AB8EC1384CB7200BC9EF6 /* libxml2.2.dylib in Frameworks */ = {isa = PBXBuildFile; fileRef = F48AB8EB1384CB7200BC9EF6 /* libxml2.2.dylib */; };
		F48AB8F51384D0B800BC9EF6 /* FeedDataSource.m in Sources */ = {isa = PBXBuildFile; fileRef = F48AB8F41384D0B800BC9EF6 /* FeedDataSource.m */; };
		F48AB9141384D71300BC9EF6 /* ZKSObject_KVO.m in Sources */ = {isa = PBXBuildFile; fileRef = F48AB9131384D71300BC9EF6 /* ZKSObject_KVO.m */; };
		F48AB9181384DC1700BC9EF6 /* credential.m in Sources */ = {isa = PBXBuildFile; fileRef = F48AB9171384DC1700BC9EF6 /* credential.m */; };
		F48AB91A1384DC5900BC9EF6 /* Security.framework in Frameworks */ = {isa = PBXBuildFile; fileRef = F48AB9191384DC5900BC9EF6 /* Security.framework */; };
		F48AB9231384E09C00BC9EF6 /* FeedItem.m in Sources */ = {isa = PBXBuildFile; fileRef = F48AB9221384E09C00BC9EF6 /* FeedItem.m */; };
		F4A29DE8138EC0870037CD5E /* MoreOlder.xib in Resources */ = {isa = PBXBuildFile; fileRef = F4A29DE7138EC0870037CD5E /* MoreOlder.xib */; };
		F4D08BED13883F0300A4C273 /* AMCollectionView.m in Sources */ = {isa = PBXBuildFile; fileRef = F4D08BE913883F0300A4C273 /* AMCollectionView.m */; };
		F4D08BEE13883F0300A4C273 /* AMCollectionViewItem.m in Sources */ = {isa = PBXBuildFile; fileRef = F4D08BEB13883F0300A4C273 /* AMCollectionViewItem.m */; };
		F4D08BF013883FCA00A4C273 /* FeedItem.xib in Resources */ = {isa = PBXBuildFile; fileRef = F4D08BEF13883FCA00A4C273 /* FeedItem.xib */; };
		F4D08BF31388404C00A4C273 /* CollectionViewFeedItem.m in Sources */ = {isa = PBXBuildFile; fileRef = F4D08BF21388404C00A4C273 /* CollectionViewFeedItem.m */; };
		F4D08BF61388428100A4C273 /* CollectionViewFeed.m in Sources */ = {isa = PBXBuildFile; fileRef = F4D08BF51388428100A4C273 /* CollectionViewFeed.m */; };
/* End PBXBuildFile section */

/* Begin PBXContainerItemProxy section */
		F40C828513888FBA00B6C525 /* PBXContainerItemProxy */ = {
			isa = PBXContainerItemProxy;
			containerPortal = F40C826F13888FBA00B6C525 /* BayesianKit.xcodeproj */;
			proxyType = 2;
			remoteGlobalIDString = 8DC2EF5B0486A6940098B216;
			remoteInfo = BayesianKit;
		};
		F40C828713888FBA00B6C525 /* PBXContainerItemProxy */ = {
			isa = PBXContainerItemProxy;
			containerPortal = F40C826F13888FBA00B6C525 /* BayesianKit.xcodeproj */;
			proxyType = 2;
			remoteGlobalIDString = E26C14C5115E817B00CFCCF1;
			remoteInfo = Bayes;
		};
		F40C82C71388904B00B6C525 /* PBXContainerItemProxy */ = {
			isa = PBXContainerItemProxy;
			containerPortal = F40C826F13888FBA00B6C525 /* BayesianKit.xcodeproj */;
			proxyType = 1;
			remoteGlobalIDString = 8DC2EF4F0486A6940098B216;
			remoteInfo = BayesianKit;
		};
/* End PBXContainerItemProxy section */

/* Begin PBXFileReference section */
		F40C81C913887A2F00B6C525 /* Credits.html */ = {isa = PBXFileReference; fileEncoding = 4; lastKnownFileType = text.html; path = Credits.html; sourceTree = "<group>"; };
		F40C81CC13887FE300B6C525 /* happy.png */ = {isa = PBXFileReference; lastKnownFileType = image.png; path = happy.png; sourceTree = "<group>"; };
		F40C81CD13887FE300B6C525 /* sad.png */ = {isa = PBXFileReference; lastKnownFileType = image.png; path = sad.png; sourceTree = "<group>"; };
		F40C826F13888FBA00B6C525 /* BayesianKit.xcodeproj */ = {isa = PBXFileReference; lastKnownFileType = "wrapper.pb-project"; name = BayesianKit.xcodeproj; path = BayesianKit/BayesianKit.xcodeproj; sourceTree = "<group>"; };
		F40C829313888FE200B6C525 /* BayesianKit.framework */ = {isa = PBXFileReference; explicitFileType = wrapper.framework; path = BayesianKit.framework; sourceTree = SOURCE_ROOT; };
		F40CA5E1138A287E009B8160 /* FeedList.xib */ = {isa = PBXFileReference; fileEncoding = 4; lastKnownFileType = file.xib; path = FeedList.xib; sourceTree = "<group>"; };
		F426C02313861DCC00004388 /* NSDate_iso8601.h */ = {isa = PBXFileReference; fileEncoding = 4; lastKnownFileType = sourcecode.c.h; path = NSDate_iso8601.h; sourceTree = "<group>"; };
		F426C02413861DCC00004388 /* NSDate_iso8601.m */ = {isa = PBXFileReference; fileEncoding = 4; lastKnownFileType = sourcecode.c.objc; path = NSDate_iso8601.m; sourceTree = "<group>"; };
		F454E216138B56F500CC8158 /* FeedViewController.h */ = {isa = PBXFileReference; fileEncoding = 4; lastKnownFileType = sourcecode.c.h; path = FeedViewController.h; sourceTree = "<group>"; };
		F454E217138B56F500CC8158 /* FeedViewController.m */ = {isa = PBXFileReference; fileEncoding = 4; lastKnownFileType = sourcecode.c.objc; path = FeedViewController.m; sourceTree = "<group>"; };
		F454E219138CC06C00CC8158 /* NSArray_extras.h */ = {isa = PBXFileReference; fileEncoding = 4; lastKnownFileType = sourcecode.c.h; path = NSArray_extras.h; sourceTree = "<group>"; };
		F454E21A138CC06C00CC8158 /* NSArray_extras.m */ = {isa = PBXFileReference; fileEncoding = 4; lastKnownFileType = sourcecode.c.objc; path = NSArray_extras.m; sourceTree = "<group>"; };
		F454E21C138EB47600CC8158 /* MoreNewer.xib */ = {isa = PBXFileReference; fileEncoding = 4; lastKnownFileType = file.xib; path = MoreNewer.xib; sourceTree = "<group>"; };
		F48AB85C1384C66400BC9EF6 /* TakeBackChatter.app */ = {isa = PBXFileReference; explicitFileType = wrapper.application; includeInIndex = 0; path = TakeBackChatter.app; sourceTree = BUILT_PRODUCTS_DIR; };
		F48AB8601384C66400BC9EF6 /* Cocoa.framework */ = {isa = PBXFileReference; lastKnownFileType = wrapper.framework; name = Cocoa.framework; path = System/Library/Frameworks/Cocoa.framework; sourceTree = SDKROOT; };
		F48AB8631384C66400BC9EF6 /* AppKit.framework */ = {isa = PBXFileReference; lastKnownFileType = wrapper.framework; name = AppKit.framework; path = System/Library/Frameworks/AppKit.framework; sourceTree = SDKROOT; };
		F48AB8641384C66400BC9EF6 /* CoreData.framework */ = {isa = PBXFileReference; lastKnownFileType = wrapper.framework; name = CoreData.framework; path = System/Library/Frameworks/CoreData.framework; sourceTree = SDKROOT; };
		F48AB8651384C66400BC9EF6 /* Foundation.framework */ = {isa = PBXFileReference; lastKnownFileType = wrapper.framework; name = Foundation.framework; path = System/Library/Frameworks/Foundation.framework; sourceTree = SDKROOT; };
		F48AB8681384C66400BC9EF6 /* TakeBackChatter-Info.plist */ = {isa = PBXFileReference; lastKnownFileType = text.plist.xml; path = "TakeBackChatter-Info.plist"; sourceTree = "<group>"; };
		F48AB86A1384C66400BC9EF6 /* en */ = {isa = PBXFileReference; lastKnownFileType = text.plist.strings; name = en; path = en.lproj/InfoPlist.strings; sourceTree = "<group>"; };
		F48AB86C1384C66400BC9EF6 /* TakeBackChatter-Prefix.pch */ = {isa = PBXFileReference; lastKnownFileType = sourcecode.c.h; path = "TakeBackChatter-Prefix.pch"; sourceTree = "<group>"; };
		F48AB86D1384C66400BC9EF6 /* main.m */ = {isa = PBXFileReference; lastKnownFileType = sourcecode.c.objc; path = main.m; sourceTree = "<group>"; };
		F48AB8721384C66400BC9EF6 /* TakeBackChatterAppDelegate.h */ = {isa = PBXFileReference; lastKnownFileType = sourcecode.c.h; path = TakeBackChatterAppDelegate.h; sourceTree = "<group>"; };
		F48AB8731384C66400BC9EF6 /* TakeBackChatterAppDelegate.m */ = {isa = PBXFileReference; lastKnownFileType = sourcecode.c.objc; path = TakeBackChatterAppDelegate.m; sourceTree = "<group>"; };
		F48AB8761384C66400BC9EF6 /* en */ = {isa = PBXFileReference; lastKnownFileType = file.xib; name = en; path = en.lproj/MainMenu.xib; sourceTree = "<group>"; };
		F48AB8871384CB3C00BC9EF6 /* zkAuthentication.h */ = {isa = PBXFileReference; fileEncoding = 4; lastKnownFileType = sourcecode.c.h; name = zkAuthentication.h; path = zksforce/zkSforce/zkAuthentication.h; sourceTree = "<group>"; };
		F48AB8881384CB3C00BC9EF6 /* zkAuthentication.m */ = {isa = PBXFileReference; fileEncoding = 4; lastKnownFileType = sourcecode.c.objc; name = zkAuthentication.m; path = zksforce/zkSforce/zkAuthentication.m; sourceTree = "<group>"; };
		F48AB8891384CB3C00BC9EF6 /* zkBaseClient.h */ = {isa = PBXFileReference; fileEncoding = 4; lastKnownFileType = sourcecode.c.h; name = zkBaseClient.h; path = zksforce/zkSforce/zkBaseClient.h; sourceTree = "<group>"; };
		F48AB88A1384CB3C00BC9EF6 /* zkBaseClient.m */ = {isa = PBXFileReference; fileEncoding = 4; lastKnownFileType = sourcecode.c.objc; name = zkBaseClient.m; path = zksforce/zkSforce/zkBaseClient.m; sourceTree = "<group>"; };
		F48AB88B1384CB3C00BC9EF6 /* zkChildRelationship.h */ = {isa = PBXFileReference; fileEncoding = 4; lastKnownFileType = sourcecode.c.h; name = zkChildRelationship.h; path = zksforce/zkSforce/zkChildRelationship.h; sourceTree = "<group>"; };
		F48AB88C1384CB3C00BC9EF6 /* zkChildRelationship.m */ = {isa = PBXFileReference; fileEncoding = 4; lastKnownFileType = sourcecode.c.objc; name = zkChildRelationship.m; path = zksforce/zkSforce/zkChildRelationship.m; sourceTree = "<group>"; };
		F48AB88D1384CB3C00BC9EF6 /* zkDescribeField.h */ = {isa = PBXFileReference; fileEncoding = 4; lastKnownFileType = sourcecode.c.h; name = zkDescribeField.h; path = zksforce/zkSforce/zkDescribeField.h; sourceTree = "<group>"; };
		F48AB88E1384CB3C00BC9EF6 /* zkDescribeField.m */ = {isa = PBXFileReference; fileEncoding = 4; lastKnownFileType = sourcecode.c.objc; name = zkDescribeField.m; path = zksforce/zkSforce/zkDescribeField.m; sourceTree = "<group>"; };
		F48AB88F1384CB3C00BC9EF6 /* zkDescribeGlobalSObject.h */ = {isa = PBXFileReference; fileEncoding = 4; lastKnownFileType = sourcecode.c.h; name = zkDescribeGlobalSObject.h; path = zksforce/zkSforce/zkDescribeGlobalSObject.h; sourceTree = "<group>"; };
		F48AB8901384CB3C00BC9EF6 /* zkDescribeGlobalSObject.m */ = {isa = PBXFileReference; fileEncoding = 4; lastKnownFileType = sourcecode.c.objc; name = zkDescribeGlobalSObject.m; path = zksforce/zkSforce/zkDescribeGlobalSObject.m; sourceTree = "<group>"; };
		F48AB8911384CB3C00BC9EF6 /* ZKDescribeLayout.h */ = {isa = PBXFileReference; fileEncoding = 4; lastKnownFileType = sourcecode.c.h; name = ZKDescribeLayout.h; path = zksforce/zkSforce/ZKDescribeLayout.h; sourceTree = "<group>"; };
		F48AB8921384CB3C00BC9EF6 /* ZKDescribeLayout.m */ = {isa = PBXFileReference; fileEncoding = 4; lastKnownFileType = sourcecode.c.objc; name = ZKDescribeLayout.m; path = zksforce/zkSforce/ZKDescribeLayout.m; sourceTree = "<group>"; };
		F48AB8931384CB3C00BC9EF6 /* ZKDescribeLayoutButton.h */ = {isa = PBXFileReference; fileEncoding = 4; lastKnownFileType = sourcecode.c.h; name = ZKDescribeLayoutButton.h; path = zksforce/zkSforce/ZKDescribeLayoutButton.h; sourceTree = "<group>"; };
		F48AB8941384CB3C00BC9EF6 /* ZKDescribeLayoutButton.m */ = {isa = PBXFileReference; fileEncoding = 4; lastKnownFileType = sourcecode.c.objc; name = ZKDescribeLayoutButton.m; path = zksforce/zkSforce/ZKDescribeLayoutButton.m; sourceTree = "<group>"; };
		F48AB8951384CB3C00BC9EF6 /* ZKDescribeLayoutButtonSection.h */ = {isa = PBXFileReference; fileEncoding = 4; lastKnownFileType = sourcecode.c.h; name = ZKDescribeLayoutButtonSection.h; path = zksforce/zkSforce/ZKDescribeLayoutButtonSection.h; sourceTree = "<group>"; };
		F48AB8961384CB3C00BC9EF6 /* ZKDescribeLayoutButtonSection.m */ = {isa = PBXFileReference; fileEncoding = 4; lastKnownFileType = sourcecode.c.objc; name = ZKDescribeLayoutButtonSection.m; path = zksforce/zkSforce/ZKDescribeLayoutButtonSection.m; sourceTree = "<group>"; };
		F48AB8971384CB3C00BC9EF6 /* ZKDescribeLayoutComponent.h */ = {isa = PBXFileReference; fileEncoding = 4; lastKnownFileType = sourcecode.c.h; name = ZKDescribeLayoutComponent.h; path = zksforce/zkSforce/ZKDescribeLayoutComponent.h; sourceTree = "<group>"; };
		F48AB8981384CB3C00BC9EF6 /* ZKDescribeLayoutComponent.m */ = {isa = PBXFileReference; fileEncoding = 4; lastKnownFileType = sourcecode.c.objc; name = ZKDescribeLayoutComponent.m; path = zksforce/zkSforce/ZKDescribeLayoutComponent.m; sourceTree = "<group>"; };
		F48AB8991384CB3C00BC9EF6 /* ZKDescribeLayoutItem.h */ = {isa = PBXFileReference; fileEncoding = 4; lastKnownFileType = sourcecode.c.h; name = ZKDescribeLayoutItem.h; path = zksforce/zkSforce/ZKDescribeLayoutItem.h; sourceTree = "<group>"; };
		F48AB89A1384CB3C00BC9EF6 /* ZKDescribeLayoutItem.m */ = {isa = PBXFileReference; fileEncoding = 4; lastKnownFileType = sourcecode.c.objc; name = ZKDescribeLayoutItem.m; path = zksforce/zkSforce/ZKDescribeLayoutItem.m; sourceTree = "<group>"; };
		F48AB89B1384CB3C00BC9EF6 /* ZKDescribeLayoutResult.h */ = {isa = PBXFileReference; fileEncoding = 4; lastKnownFileType = sourcecode.c.h; name = ZKDescribeLayoutResult.h; path = zksforce/zkSforce/ZKDescribeLayoutResult.h; sourceTree = "<group>"; };
		F48AB89C1384CB3C00BC9EF6 /* ZKDescribeLayoutResult.m */ = {isa = PBXFileReference; fileEncoding = 4; lastKnownFileType = sourcecode.c.objc; name = ZKDescribeLayoutResult.m; path = zksforce/zkSforce/ZKDescribeLayoutResult.m; sourceTree = "<group>"; };
		F48AB89D1384CB3C00BC9EF6 /* ZKDescribeLayoutRow.h */ = {isa = PBXFileReference; fileEncoding = 4; lastKnownFileType = sourcecode.c.h; name = ZKDescribeLayoutRow.h; path = zksforce/zkSforce/ZKDescribeLayoutRow.h; sourceTree = "<group>"; };
		F48AB89E1384CB3C00BC9EF6 /* ZKDescribeLayoutRow.m */ = {isa = PBXFileReference; fileEncoding = 4; lastKnownFileType = sourcecode.c.objc; name = ZKDescribeLayoutRow.m; path = zksforce/zkSforce/ZKDescribeLayoutRow.m; sourceTree = "<group>"; };
		F48AB89F1384CB3C00BC9EF6 /* ZKDescribeLayoutSection.h */ = {isa = PBXFileReference; fileEncoding = 4; lastKnownFileType = sourcecode.c.h; name = ZKDescribeLayoutSection.h; path = zksforce/zkSforce/ZKDescribeLayoutSection.h; sourceTree = "<group>"; };
		F48AB8A01384CB3C00BC9EF6 /* ZKDescribeLayoutSection.m */ = {isa = PBXFileReference; fileEncoding = 4; lastKnownFileType = sourcecode.c.objc; name = ZKDescribeLayoutSection.m; path = zksforce/zkSforce/ZKDescribeLayoutSection.m; sourceTree = "<group>"; };
		F48AB8A11384CB3C00BC9EF6 /* zkDescribeSObject.h */ = {isa = PBXFileReference; fileEncoding = 4; lastKnownFileType = sourcecode.c.h; name = zkDescribeSObject.h; path = zksforce/zkSforce/zkDescribeSObject.h; sourceTree = "<group>"; };
		F48AB8A21384CB3C00BC9EF6 /* zkDescribeSObject.m */ = {isa = PBXFileReference; fileEncoding = 4; lastKnownFileType = sourcecode.c.objc; name = zkDescribeSObject.m; path = zksforce/zkSforce/zkDescribeSObject.m; sourceTree = "<group>"; };
		F48AB8A31384CB3C00BC9EF6 /* zkEnvelope.h */ = {isa = PBXFileReference; fileEncoding = 4; lastKnownFileType = sourcecode.c.h; name = zkEnvelope.h; path = zksforce/zkSforce/zkEnvelope.h; sourceTree = "<group>"; };
		F48AB8A41384CB3C00BC9EF6 /* zkEnvelope.m */ = {isa = PBXFileReference; fileEncoding = 4; lastKnownFileType = sourcecode.c.objc; name = zkEnvelope.m; path = zksforce/zkSforce/zkEnvelope.m; sourceTree = "<group>"; };
		F48AB8A51384CB3C00BC9EF6 /* zkLoginResult.h */ = {isa = PBXFileReference; fileEncoding = 4; lastKnownFileType = sourcecode.c.h; name = zkLoginResult.h; path = zksforce/zkSforce/zkLoginResult.h; sourceTree = "<group>"; };
		F48AB8A61384CB3C00BC9EF6 /* zkLoginResult.m */ = {isa = PBXFileReference; fileEncoding = 4; lastKnownFileType = sourcecode.c.objc; name = zkLoginResult.m; path = zksforce/zkSforce/zkLoginResult.m; sourceTree = "<group>"; };
		F48AB8A71384CB3C00BC9EF6 /* zkParser.h */ = {isa = PBXFileReference; fileEncoding = 4; lastKnownFileType = sourcecode.c.h; name = zkParser.h; path = zksforce/zkSforce/zkParser.h; sourceTree = "<group>"; };
		F48AB8A81384CB3C00BC9EF6 /* zkParser.m */ = {isa = PBXFileReference; fileEncoding = 4; lastKnownFileType = sourcecode.c.objc; name = zkParser.m; path = zksforce/zkSforce/zkParser.m; sourceTree = "<group>"; };
		F48AB8A91384CB3C00BC9EF6 /* ZKPartnerEnvelope.h */ = {isa = PBXFileReference; fileEncoding = 4; lastKnownFileType = sourcecode.c.h; name = ZKPartnerEnvelope.h; path = zksforce/zkSforce/ZKPartnerEnvelope.h; sourceTree = "<group>"; };
		F48AB8AA1384CB3C00BC9EF6 /* ZKPartnerEnvelope.m */ = {isa = PBXFileReference; fileEncoding = 4; lastKnownFileType = sourcecode.c.objc; name = ZKPartnerEnvelope.m; path = zksforce/zkSforce/ZKPartnerEnvelope.m; sourceTree = "<group>"; };
		F48AB8AB1384CB3C00BC9EF6 /* ZKPicklistEntry.h */ = {isa = PBXFileReference; fileEncoding = 4; lastKnownFileType = sourcecode.c.h; name = ZKPicklistEntry.h; path = zksforce/zkSforce/ZKPicklistEntry.h; sourceTree = "<group>"; };
		F48AB8AC1384CB3C00BC9EF6 /* ZKPicklistEntry.m */ = {isa = PBXFileReference; fileEncoding = 4; lastKnownFileType = sourcecode.c.objc; name = ZKPicklistEntry.m; path = zksforce/zkSforce/ZKPicklistEntry.m; sourceTree = "<group>"; };
		F48AB8AD1384CB3C00BC9EF6 /* ZKPicklistForRecordType.h */ = {isa = PBXFileReference; fileEncoding = 4; lastKnownFileType = sourcecode.c.h; name = ZKPicklistForRecordType.h; path = zksforce/zkSforce/ZKPicklistForRecordType.h; sourceTree = "<group>"; };
		F48AB8AE1384CB3C00BC9EF6 /* ZKPicklistForRecordType.m */ = {isa = PBXFileReference; fileEncoding = 4; lastKnownFileType = sourcecode.c.objc; name = ZKPicklistForRecordType.m; path = zksforce/zkSforce/ZKPicklistForRecordType.m; sourceTree = "<group>"; };
		F48AB8AF1384CB3C00BC9EF6 /* zkQueryResult_NSTableView.h */ = {isa = PBXFileReference; fileEncoding = 4; lastKnownFileType = sourcecode.c.h; name = zkQueryResult_NSTableView.h; path = zksforce/zkSforce/zkQueryResult_NSTableView.h; sourceTree = "<group>"; };
		F48AB8B01384CB3C00BC9EF6 /* zkQueryResult_NSTableView.m */ = {isa = PBXFileReference; fileEncoding = 4; lastKnownFileType = sourcecode.c.objc; name = zkQueryResult_NSTableView.m; path = zksforce/zkSforce/zkQueryResult_NSTableView.m; sourceTree = "<group>"; };
		F48AB8B11384CB3C00BC9EF6 /* zkQueryResult.h */ = {isa = PBXFileReference; fileEncoding = 4; lastKnownFileType = sourcecode.c.h; name = zkQueryResult.h; path = zksforce/zkSforce/zkQueryResult.h; sourceTree = "<group>"; };
		F48AB8B21384CB3C00BC9EF6 /* zkQueryResult.m */ = {isa = PBXFileReference; fileEncoding = 4; lastKnownFileType = sourcecode.c.objc; name = zkQueryResult.m; path = zksforce/zkSforce/zkQueryResult.m; sourceTree = "<group>"; };
		F48AB8B31384CB3C00BC9EF6 /* ZKRecordTypeInfo.h */ = {isa = PBXFileReference; fileEncoding = 4; lastKnownFileType = sourcecode.c.h; name = ZKRecordTypeInfo.h; path = zksforce/zkSforce/ZKRecordTypeInfo.h; sourceTree = "<group>"; };
		F48AB8B41384CB3C00BC9EF6 /* ZKRecordTypeInfo.m */ = {isa = PBXFileReference; fileEncoding = 4; lastKnownFileType = sourcecode.c.objc; name = ZKRecordTypeInfo.m; path = zksforce/zkSforce/ZKRecordTypeInfo.m; sourceTree = "<group>"; };
		F48AB8B51384CB3C00BC9EF6 /* ZKRecordTypeMapping.h */ = {isa = PBXFileReference; fileEncoding = 4; lastKnownFileType = sourcecode.c.h; name = ZKRecordTypeMapping.h; path = zksforce/zkSforce/ZKRecordTypeMapping.h; sourceTree = "<group>"; };
		F48AB8B61384CB3C00BC9EF6 /* ZKRecordTypeMapping.m */ = {isa = PBXFileReference; fileEncoding = 4; lastKnownFileType = sourcecode.c.objc; name = ZKRecordTypeMapping.m; path = zksforce/zkSforce/ZKRecordTypeMapping.m; sourceTree = "<group>"; };
		F48AB8B71384CB3C00BC9EF6 /* ZKRelatedList.h */ = {isa = PBXFileReference; fileEncoding = 4; lastKnownFileType = sourcecode.c.h; name = ZKRelatedList.h; path = zksforce/zkSforce/ZKRelatedList.h; sourceTree = "<group>"; };
		F48AB8B81384CB3C00BC9EF6 /* ZKRelatedList.m */ = {isa = PBXFileReference; fileEncoding = 4; lastKnownFileType = sourcecode.c.objc; name = ZKRelatedList.m; path = zksforce/zkSforce/ZKRelatedList.m; sourceTree = "<group>"; };
		F48AB8B91384CB3C00BC9EF6 /* ZKRelatedListColumn.h */ = {isa = PBXFileReference; fileEncoding = 4; lastKnownFileType = sourcecode.c.h; name = ZKRelatedListColumn.h; path = zksforce/zkSforce/ZKRelatedListColumn.h; sourceTree = "<group>"; };
		F48AB8BA1384CB3C00BC9EF6 /* ZKRelatedListColumn.m */ = {isa = PBXFileReference; fileEncoding = 4; lastKnownFileType = sourcecode.c.objc; name = ZKRelatedListColumn.m; path = zksforce/zkSforce/ZKRelatedListColumn.m; sourceTree = "<group>"; };
		F48AB8BB1384CB3C00BC9EF6 /* ZKRelatedListSort.h */ = {isa = PBXFileReference; fileEncoding = 4; lastKnownFileType = sourcecode.c.h; name = ZKRelatedListSort.h; path = zksforce/zkSforce/ZKRelatedListSort.h; sourceTree = "<group>"; };
		F48AB8BC1384CB3C00BC9EF6 /* ZKRelatedListSort.m */ = {isa = PBXFileReference; fileEncoding = 4; lastKnownFileType = sourcecode.c.objc; name = ZKRelatedListSort.m; path = zksforce/zkSforce/ZKRelatedListSort.m; sourceTree = "<group>"; };
		F48AB8BD1384CB3C00BC9EF6 /* zkSaveResult.h */ = {isa = PBXFileReference; fileEncoding = 4; lastKnownFileType = sourcecode.c.h; name = zkSaveResult.h; path = zksforce/zkSforce/zkSaveResult.h; sourceTree = "<group>"; };
		F48AB8BE1384CB3C00BC9EF6 /* zkSaveResult.m */ = {isa = PBXFileReference; fileEncoding = 4; lastKnownFileType = sourcecode.c.objc; name = zkSaveResult.m; path = zksforce/zkSforce/zkSaveResult.m; sourceTree = "<group>"; };
		F48AB8BF1384CB3C00BC9EF6 /* zkSforce.h */ = {isa = PBXFileReference; fileEncoding = 4; lastKnownFileType = sourcecode.c.h; name = zkSforce.h; path = zksforce/zkSforce/zkSforce.h; sourceTree = "<group>"; };
		F48AB8C01384CB3C00BC9EF6 /* zkSforceClient.h */ = {isa = PBXFileReference; fileEncoding = 4; lastKnownFileType = sourcecode.c.h; name = zkSforceClient.h; path = zksforce/zkSforce/zkSforceClient.h; sourceTree = "<group>"; };
		F48AB8C11384CB3C00BC9EF6 /* zkSforceClient.m */ = {isa = PBXFileReference; fileEncoding = 4; lastKnownFileType = sourcecode.c.objc; name = zkSforceClient.m; path = zksforce/zkSforce/zkSforceClient.m; sourceTree = "<group>"; };
		F48AB8C21384CB3C00BC9EF6 /* zkSoapException.h */ = {isa = PBXFileReference; fileEncoding = 4; lastKnownFileType = sourcecode.c.h; name = zkSoapException.h; path = zksforce/zkSforce/zkSoapException.h; sourceTree = "<group>"; };
		F48AB8C31384CB3C00BC9EF6 /* zkSoapException.m */ = {isa = PBXFileReference; fileEncoding = 4; lastKnownFileType = sourcecode.c.objc; name = zkSoapException.m; path = zksforce/zkSforce/zkSoapException.m; sourceTree = "<group>"; };
		F48AB8C41384CB3C00BC9EF6 /* zkSObject.h */ = {isa = PBXFileReference; fileEncoding = 4; lastKnownFileType = sourcecode.c.h; name = zkSObject.h; path = zksforce/zkSforce/zkSObject.h; sourceTree = "<group>"; };
		F48AB8C51384CB3C00BC9EF6 /* zkSObject.m */ = {isa = PBXFileReference; fileEncoding = 4; lastKnownFileType = sourcecode.c.objc; name = zkSObject.m; path = zksforce/zkSforce/zkSObject.m; sourceTree = "<group>"; };
		F48AB8C61384CB3C00BC9EF6 /* zkUserInfo.h */ = {isa = PBXFileReference; fileEncoding = 4; lastKnownFileType = sourcecode.c.h; name = zkUserInfo.h; path = zksforce/zkSforce/zkUserInfo.h; sourceTree = "<group>"; };
		F48AB8C71384CB3C00BC9EF6 /* zkUserInfo.m */ = {isa = PBXFileReference; fileEncoding = 4; lastKnownFileType = sourcecode.c.objc; name = zkUserInfo.m; path = zksforce/zkSforce/zkUserInfo.m; sourceTree = "<group>"; };
		F48AB8C81384CB3C00BC9EF6 /* zkXmlDeserializer.h */ = {isa = PBXFileReference; fileEncoding = 4; lastKnownFileType = sourcecode.c.h; name = zkXmlDeserializer.h; path = zksforce/zkSforce/zkXmlDeserializer.h; sourceTree = "<group>"; };
		F48AB8C91384CB3C00BC9EF6 /* zkXmlDeserializer.m */ = {isa = PBXFileReference; fileEncoding = 4; lastKnownFileType = sourcecode.c.objc; name = zkXmlDeserializer.m; path = zksforce/zkSforce/zkXmlDeserializer.m; sourceTree = "<group>"; };
		F48AB8EB1384CB7200BC9EF6 /* libxml2.2.dylib */ = {isa = PBXFileReference; lastKnownFileType = "compiled.mach-o.dylib"; name = libxml2.2.dylib; path = usr/lib/libxml2.2.dylib; sourceTree = SDKROOT; };
		F48AB8F31384D0B800BC9EF6 /* FeedDataSource.h */ = {isa = PBXFileReference; fileEncoding = 4; lastKnownFileType = sourcecode.c.h; path = FeedDataSource.h; sourceTree = "<group>"; };
		F48AB8F41384D0B800BC9EF6 /* FeedDataSource.m */ = {isa = PBXFileReference; fileEncoding = 4; lastKnownFileType = sourcecode.c.objc; path = FeedDataSource.m; sourceTree = "<group>"; };
		F48AB9121384D71300BC9EF6 /* ZKSObject_KVO.h */ = {isa = PBXFileReference; fileEncoding = 4; lastKnownFileType = sourcecode.c.h; path = ZKSObject_KVO.h; sourceTree = "<group>"; };
		F48AB9131384D71300BC9EF6 /* ZKSObject_KVO.m */ = {isa = PBXFileReference; fileEncoding = 4; lastKnownFileType = sourcecode.c.objc; path = ZKSObject_KVO.m; sourceTree = "<group>"; };
		F48AB9161384DC1700BC9EF6 /* credential.h */ = {isa = PBXFileReference; fileEncoding = 4; lastKnownFileType = sourcecode.c.h; path = credential.h; sourceTree = "<group>"; };
		F48AB9171384DC1700BC9EF6 /* credential.m */ = {isa = PBXFileReference; fileEncoding = 4; lastKnownFileType = sourcecode.c.objc; path = credential.m; sourceTree = "<group>"; };
		F48AB9191384DC5900BC9EF6 /* Security.framework */ = {isa = PBXFileReference; lastKnownFileType = wrapper.framework; name = Security.framework; path = System/Library/Frameworks/Security.framework; sourceTree = SDKROOT; };
		F48AB9211384E09B00BC9EF6 /* FeedItem.h */ = {isa = PBXFileReference; fileEncoding = 4; lastKnownFileType = sourcecode.c.h; path = FeedItem.h; sourceTree = "<group>"; };
		F48AB9221384E09C00BC9EF6 /* FeedItem.m */ = {isa = PBXFileReference; fileEncoding = 4; lastKnownFileType = sourcecode.c.objc; path = FeedItem.m; sourceTree = "<group>"; };
		F4A29DE7138EC0870037CD5E /* MoreOlder.xib */ = {isa = PBXFileReference; fileEncoding = 4; lastKnownFileType = file.xib; path = MoreOlder.xib; sourceTree = "<group>"; };
		F4D08BE813883F0300A4C273 /* AMCollectionView.h */ = {isa = PBXFileReference; fileEncoding = 4; lastKnownFileType = sourcecode.c.h; name = AMCollectionView.h; path = TakeBackChatter/AMCollectionView.h; sourceTree = "<group>"; };
		F4D08BE913883F0300A4C273 /* AMCollectionView.m */ = {isa = PBXFileReference; fileEncoding = 4; lastKnownFileType = sourcecode.c.objc; name = AMCollectionView.m; path = TakeBackChatter/AMCollectionView.m; sourceTree = "<group>"; };
		F4D08BEA13883F0300A4C273 /* AMCollectionViewItem.h */ = {isa = PBXFileReference; fileEncoding = 4; lastKnownFileType = sourcecode.c.h; name = AMCollectionViewItem.h; path = TakeBackChatter/AMCollectionViewItem.h; sourceTree = "<group>"; };
		F4D08BEB13883F0300A4C273 /* AMCollectionViewItem.m */ = {isa = PBXFileReference; fileEncoding = 4; lastKnownFileType = sourcecode.c.objc; name = AMCollectionViewItem.m; path = TakeBackChatter/AMCollectionViewItem.m; sourceTree = "<group>"; };
		F4D08BEC13883F0300A4C273 /* AMCollectionViewItemProtocol.h */ = {isa = PBXFileReference; fileEncoding = 4; lastKnownFileType = sourcecode.c.h; name = AMCollectionViewItemProtocol.h; path = TakeBackChatter/AMCollectionViewItemProtocol.h; sourceTree = "<group>"; };
		F4D08BEF13883FCA00A4C273 /* FeedItem.xib */ = {isa = PBXFileReference; fileEncoding = 4; lastKnownFileType = file.xib; path = FeedItem.xib; sourceTree = "<group>"; };
		F4D08BF11388404C00A4C273 /* CollectionViewFeedItem.h */ = {isa = PBXFileReference; fileEncoding = 4; lastKnownFileType = sourcecode.c.h; path = CollectionViewFeedItem.h; sourceTree = "<group>"; };
		F4D08BF21388404C00A4C273 /* CollectionViewFeedItem.m */ = {isa = PBXFileReference; fileEncoding = 4; lastKnownFileType = sourcecode.c.objc; path = CollectionViewFeedItem.m; sourceTree = "<group>"; };
		F4D08BF41388428100A4C273 /* CollectionViewFeed.h */ = {isa = PBXFileReference; fileEncoding = 4; lastKnownFileType = sourcecode.c.h; path = CollectionViewFeed.h; sourceTree = "<group>"; };
		F4D08BF51388428100A4C273 /* CollectionViewFeed.m */ = {isa = PBXFileReference; fileEncoding = 4; lastKnownFileType = sourcecode.c.objc; path = CollectionViewFeed.m; sourceTree = "<group>"; };
/* End PBXFileReference section */

/* Begin PBXFrameworksBuildPhase section */
		F48AB8591384C66400BC9EF6 /* Frameworks */ = {
			isa = PBXFrameworksBuildPhase;
			buildActionMask = 2147483647;
			files = (
				F40C829413888FE200B6C525 /* BayesianKit.framework in Frameworks */,
				F48AB91A1384DC5900BC9EF6 /* Security.framework in Frameworks */,
				F48AB8EC1384CB7200BC9EF6 /* libxml2.2.dylib in Frameworks */,
				F48AB8611384C66400BC9EF6 /* Cocoa.framework in Frameworks */,
			);
			runOnlyForDeploymentPostprocessing = 0;
		};
/* End PBXFrameworksBuildPhase section */

/* Begin PBXGroup section */
		F40C827013888FBA00B6C525 /* Products */ = {
			isa = PBXGroup;
			children = (
				F40C828613888FBA00B6C525 /* BayesianKit.framework */,
				F40C828813888FBA00B6C525 /* bayes */,
			);
			name = Products;
			sourceTree = "<group>";
		};
		F48AB8511384C66400BC9EF6 = {
			isa = PBXGroup;
			children = (
				F40C829313888FE200B6C525 /* BayesianKit.framework */,
				F40C826F13888FBA00B6C525 /* BayesianKit.xcodeproj */,
				F4D08BE013883EA400A4C273 /* AMCollectionView */,
				F48AB8851384CB2700BC9EF6 /* zkSforce */,
				F48AB8661384C66400BC9EF6 /* TakeBackChatter */,
				F48AB85F1384C66400BC9EF6 /* Frameworks */,
				F48AB85D1384C66400BC9EF6 /* Products */,
			);
			sourceTree = "<group>";
		};
		F48AB85D1384C66400BC9EF6 /* Products */ = {
			isa = PBXGroup;
			children = (
				F48AB85C1384C66400BC9EF6 /* TakeBackChatter.app */,
			);
			name = Products;
			sourceTree = "<group>";
		};
		F48AB85F1384C66400BC9EF6 /* Frameworks */ = {
			isa = PBXGroup;
			children = (
				F48AB8601384C66400BC9EF6 /* Cocoa.framework */,
				F48AB8621384C66400BC9EF6 /* Other Frameworks */,
			);
			name = Frameworks;
			sourceTree = "<group>";
		};
		F48AB8621384C66400BC9EF6 /* Other Frameworks */ = {
			isa = PBXGroup;
			children = (
				F48AB9191384DC5900BC9EF6 /* Security.framework */,
				F48AB8EB1384CB7200BC9EF6 /* libxml2.2.dylib */,
				F48AB8631384C66400BC9EF6 /* AppKit.framework */,
				F48AB8641384C66400BC9EF6 /* CoreData.framework */,
				F48AB8651384C66400BC9EF6 /* Foundation.framework */,
			);
			name = "Other Frameworks";
			sourceTree = "<group>";
		};
		F48AB8661384C66400BC9EF6 /* TakeBackChatter */ = {
			isa = PBXGroup;
			children = (
				F48AB9161384DC1700BC9EF6 /* credential.h */,
				F48AB9171384DC1700BC9EF6 /* credential.m */,
				F48AB8721384C66400BC9EF6 /* TakeBackChatterAppDelegate.h */,
				F48AB8731384C66400BC9EF6 /* TakeBackChatterAppDelegate.m */,
				F48AB8F31384D0B800BC9EF6 /* FeedDataSource.h */,
				F48AB8F41384D0B800BC9EF6 /* FeedDataSource.m */,
				F48AB9211384E09B00BC9EF6 /* FeedItem.h */,
				F48AB9221384E09C00BC9EF6 /* FeedItem.m */,
				F40CA5E1138A287E009B8160 /* FeedList.xib */,
				F4D08BEF13883FCA00A4C273 /* FeedItem.xib */,
				F48AB8751384C66400BC9EF6 /* MainMenu.xib */,
				F454E21C138EB47600CC8158 /* MoreNewer.xib */,
				F4A29DE7138EC0870037CD5E /* MoreOlder.xib */,
				F454E216138B56F500CC8158 /* FeedViewController.h */,
				F454E217138B56F500CC8158 /* FeedViewController.m */,
				F4D08BF11388404C00A4C273 /* CollectionViewFeedItem.h */,
				F4D08BF21388404C00A4C273 /* CollectionViewFeedItem.m */,
				F4D08BF41388428100A4C273 /* CollectionViewFeed.h */,
				F4D08BF51388428100A4C273 /* CollectionViewFeed.m */,
				F48AB8671384C66400BC9EF6 /* Supporting Files */,
				F48AB9121384D71300BC9EF6 /* ZKSObject_KVO.h */,
				F48AB9131384D71300BC9EF6 /* ZKSObject_KVO.m */,
				F426C02313861DCC00004388 /* NSDate_iso8601.h */,
				F426C02413861DCC00004388 /* NSDate_iso8601.m */,
				F454E219138CC06C00CC8158 /* NSArray_extras.h */,
				F454E21A138CC06C00CC8158 /* NSArray_extras.m */,
			);
			path = TakeBackChatter;
			sourceTree = "<group>";
		};
		F48AB8671384C66400BC9EF6 /* Supporting Files */ = {
			isa = PBXGroup;
			children = (
				F40C81CC13887FE300B6C525 /* happy.png */,
				F40C81CD13887FE300B6C525 /* sad.png */,
				F48AB8681384C66400BC9EF6 /* TakeBackChatter-Info.plist */,
				F48AB8691384C66400BC9EF6 /* InfoPlist.strings */,
				F48AB86C1384C66400BC9EF6 /* TakeBackChatter-Prefix.pch */,
				F48AB86D1384C66400BC9EF6 /* main.m */,
				F40C81C913887A2F00B6C525 /* Credits.html */,
			);
			name = "Supporting Files";
			sourceTree = "<group>";
		};
		F48AB8851384CB2700BC9EF6 /* zkSforce */ = {
			isa = PBXGroup;
			children = (
				F48AB8871384CB3C00BC9EF6 /* zkAuthentication.h */,
				F48AB8881384CB3C00BC9EF6 /* zkAuthentication.m */,
				F48AB8891384CB3C00BC9EF6 /* zkBaseClient.h */,
				F48AB88A1384CB3C00BC9EF6 /* zkBaseClient.m */,
				F48AB88B1384CB3C00BC9EF6 /* zkChildRelationship.h */,
				F48AB88C1384CB3C00BC9EF6 /* zkChildRelationship.m */,
				F48AB88D1384CB3C00BC9EF6 /* zkDescribeField.h */,
				F48AB88E1384CB3C00BC9EF6 /* zkDescribeField.m */,
				F48AB88F1384CB3C00BC9EF6 /* zkDescribeGlobalSObject.h */,
				F48AB8901384CB3C00BC9EF6 /* zkDescribeGlobalSObject.m */,
				F48AB8911384CB3C00BC9EF6 /* ZKDescribeLayout.h */,
				F48AB8921384CB3C00BC9EF6 /* ZKDescribeLayout.m */,
				F48AB8931384CB3C00BC9EF6 /* ZKDescribeLayoutButton.h */,
				F48AB8941384CB3C00BC9EF6 /* ZKDescribeLayoutButton.m */,
				F48AB8951384CB3C00BC9EF6 /* ZKDescribeLayoutButtonSection.h */,
				F48AB8961384CB3C00BC9EF6 /* ZKDescribeLayoutButtonSection.m */,
				F48AB8971384CB3C00BC9EF6 /* ZKDescribeLayoutComponent.h */,
				F48AB8981384CB3C00BC9EF6 /* ZKDescribeLayoutComponent.m */,
				F48AB8991384CB3C00BC9EF6 /* ZKDescribeLayoutItem.h */,
				F48AB89A1384CB3C00BC9EF6 /* ZKDescribeLayoutItem.m */,
				F48AB89B1384CB3C00BC9EF6 /* ZKDescribeLayoutResult.h */,
				F48AB89C1384CB3C00BC9EF6 /* ZKDescribeLayoutResult.m */,
				F48AB89D1384CB3C00BC9EF6 /* ZKDescribeLayoutRow.h */,
				F48AB89E1384CB3C00BC9EF6 /* ZKDescribeLayoutRow.m */,
				F48AB89F1384CB3C00BC9EF6 /* ZKDescribeLayoutSection.h */,
				F48AB8A01384CB3C00BC9EF6 /* ZKDescribeLayoutSection.m */,
				F48AB8A11384CB3C00BC9EF6 /* zkDescribeSObject.h */,
				F48AB8A21384CB3C00BC9EF6 /* zkDescribeSObject.m */,
				F48AB8A31384CB3C00BC9EF6 /* zkEnvelope.h */,
				F48AB8A41384CB3C00BC9EF6 /* zkEnvelope.m */,
				F48AB8A51384CB3C00BC9EF6 /* zkLoginResult.h */,
				F48AB8A61384CB3C00BC9EF6 /* zkLoginResult.m */,
				F48AB8A71384CB3C00BC9EF6 /* zkParser.h */,
				F48AB8A81384CB3C00BC9EF6 /* zkParser.m */,
				F48AB8A91384CB3C00BC9EF6 /* ZKPartnerEnvelope.h */,
				F48AB8AA1384CB3C00BC9EF6 /* ZKPartnerEnvelope.m */,
				F48AB8AB1384CB3C00BC9EF6 /* ZKPicklistEntry.h */,
				F48AB8AC1384CB3C00BC9EF6 /* ZKPicklistEntry.m */,
				F48AB8AD1384CB3C00BC9EF6 /* ZKPicklistForRecordType.h */,
				F48AB8AE1384CB3C00BC9EF6 /* ZKPicklistForRecordType.m */,
				F48AB8AF1384CB3C00BC9EF6 /* zkQueryResult_NSTableView.h */,
				F48AB8B01384CB3C00BC9EF6 /* zkQueryResult_NSTableView.m */,
				F48AB8B11384CB3C00BC9EF6 /* zkQueryResult.h */,
				F48AB8B21384CB3C00BC9EF6 /* zkQueryResult.m */,
				F48AB8B31384CB3C00BC9EF6 /* ZKRecordTypeInfo.h */,
				F48AB8B41384CB3C00BC9EF6 /* ZKRecordTypeInfo.m */,
				F48AB8B51384CB3C00BC9EF6 /* ZKRecordTypeMapping.h */,
				F48AB8B61384CB3C00BC9EF6 /* ZKRecordTypeMapping.m */,
				F48AB8B71384CB3C00BC9EF6 /* ZKRelatedList.h */,
				F48AB8B81384CB3C00BC9EF6 /* ZKRelatedList.m */,
				F48AB8B91384CB3C00BC9EF6 /* ZKRelatedListColumn.h */,
				F48AB8BA1384CB3C00BC9EF6 /* ZKRelatedListColumn.m */,
				F48AB8BB1384CB3C00BC9EF6 /* ZKRelatedListSort.h */,
				F48AB8BC1384CB3C00BC9EF6 /* ZKRelatedListSort.m */,
				F48AB8BD1384CB3C00BC9EF6 /* zkSaveResult.h */,
				F48AB8BE1384CB3C00BC9EF6 /* zkSaveResult.m */,
				F48AB8BF1384CB3C00BC9EF6 /* zkSforce.h */,
				F48AB8C01384CB3C00BC9EF6 /* zkSforceClient.h */,
				F48AB8C11384CB3C00BC9EF6 /* zkSforceClient.m */,
				F48AB8C21384CB3C00BC9EF6 /* zkSoapException.h */,
				F48AB8C31384CB3C00BC9EF6 /* zkSoapException.m */,
				F48AB8C41384CB3C00BC9EF6 /* zkSObject.h */,
				F48AB8C51384CB3C00BC9EF6 /* zkSObject.m */,
				F48AB8C61384CB3C00BC9EF6 /* zkUserInfo.h */,
				F48AB8C71384CB3C00BC9EF6 /* zkUserInfo.m */,
				F48AB8C81384CB3C00BC9EF6 /* zkXmlDeserializer.h */,
				F48AB8C91384CB3C00BC9EF6 /* zkXmlDeserializer.m */,
			);
			name = zkSforce;
			sourceTree = "<group>";
		};
		F4D08BE013883EA400A4C273 /* AMCollectionView */ = {
			isa = PBXGroup;
			children = (
				F4D08BE813883F0300A4C273 /* AMCollectionView.h */,
				F4D08BE913883F0300A4C273 /* AMCollectionView.m */,
				F4D08BEA13883F0300A4C273 /* AMCollectionViewItem.h */,
				F4D08BEB13883F0300A4C273 /* AMCollectionViewItem.m */,
				F4D08BEC13883F0300A4C273 /* AMCollectionViewItemProtocol.h */,
			);
			name = AMCollectionView;
			sourceTree = "<group>";
		};
/* End PBXGroup section */

/* Begin PBXNativeTarget section */
		F48AB85B1384C66400BC9EF6 /* TakeBackChatter */ = {
			isa = PBXNativeTarget;
			buildConfigurationList = F48AB87A1384C66400BC9EF6 /* Build configuration list for PBXNativeTarget "TakeBackChatter" */;
			buildPhases = (
				F48AB8581384C66400BC9EF6 /* Sources */,
				F48AB8591384C66400BC9EF6 /* Frameworks */,
				F48AB85A1384C66400BC9EF6 /* Resources */,
			);
			buildRules = (
			);
			dependencies = (
				F40C82C81388904B00B6C525 /* PBXTargetDependency */,
			);
			name = TakeBackChatter;
			productName = TakeBackChatter;
			productReference = F48AB85C1384C66400BC9EF6 /* TakeBackChatter.app */;
			productType = "com.apple.product-type.application";
		};
/* End PBXNativeTarget section */

/* Begin PBXProject section */
		F48AB8531384C66400BC9EF6 /* Project object */ = {
			isa = PBXProject;
			attributes = {
				ORGANIZATIONNAME = Salesforce.com;
			};
			buildConfigurationList = F48AB8561384C66400BC9EF6 /* Build configuration list for PBXProject "TakeBackChatter" */;
			compatibilityVersion = "Xcode 3.2";
			developmentRegion = English;
			hasScannedForEncodings = 0;
			knownRegions = (
				en,
			);
			mainGroup = F48AB8511384C66400BC9EF6;
			productRefGroup = F48AB85D1384C66400BC9EF6 /* Products */;
			projectDirPath = "";
			projectReferences = (
				{
					ProductGroup = F40C827013888FBA00B6C525 /* Products */;
					ProjectRef = F40C826F13888FBA00B6C525 /* BayesianKit.xcodeproj */;
				},
			);
			projectRoot = "";
			targets = (
				F48AB85B1384C66400BC9EF6 /* TakeBackChatter */,
			);
		};
/* End PBXProject section */

/* Begin PBXReferenceProxy section */
		F40C828613888FBA00B6C525 /* BayesianKit.framework */ = {
			isa = PBXReferenceProxy;
			fileType = wrapper.framework;
			path = BayesianKit.framework;
			remoteRef = F40C828513888FBA00B6C525 /* PBXContainerItemProxy */;
			sourceTree = BUILT_PRODUCTS_DIR;
		};
		F40C828813888FBA00B6C525 /* bayes */ = {
			isa = PBXReferenceProxy;
			fileType = "compiled.mach-o.executable";
			path = bayes;
			remoteRef = F40C828713888FBA00B6C525 /* PBXContainerItemProxy */;
			sourceTree = BUILT_PRODUCTS_DIR;
		};
/* End PBXReferenceProxy section */

/* Begin PBXResourcesBuildPhase section */
		F48AB85A1384C66400BC9EF6 /* Resources */ = {
			isa = PBXResourcesBuildPhase;
			buildActionMask = 2147483647;
			files = (
				F48AB86B1384C66400BC9EF6 /* InfoPlist.strings in Resources */,
				F48AB8771384C66400BC9EF6 /* MainMenu.xib in Resources */,
				F4D08BF013883FCA00A4C273 /* FeedItem.xib in Resources */,
				F40C81CA13887A2F00B6C525 /* Credits.html in Resources */,
				F40C81CE13887FE300B6C525 /* happy.png in Resources */,
				F40C81CF13887FE300B6C525 /* sad.png in Resources */,
				F40CA5E2138A287F009B8160 /* FeedList.xib in Resources */,
				F454E21D138EB47600CC8158 /* MoreNewer.xib in Resources */,
				F4A29DE8138EC0870037CD5E /* MoreOlder.xib in Resources */,
			);
			runOnlyForDeploymentPostprocessing = 0;
		};
/* End PBXResourcesBuildPhase section */

/* Begin PBXSourcesBuildPhase section */
		F48AB8581384C66400BC9EF6 /* Sources */ = {
			isa = PBXSourcesBuildPhase;
			buildActionMask = 2147483647;
			files = (
				F48AB86E1384C66400BC9EF6 /* main.m in Sources */,
				F48AB8741384C66400BC9EF6 /* TakeBackChatterAppDelegate.m in Sources */,
				F48AB8CA1384CB3C00BC9EF6 /* zkAuthentication.m in Sources */,
				F48AB8CB1384CB3C00BC9EF6 /* zkBaseClient.m in Sources */,
				F48AB8CC1384CB3C00BC9EF6 /* zkChildRelationship.m in Sources */,
				F48AB8CD1384CB3C00BC9EF6 /* zkDescribeField.m in Sources */,
				F48AB8CE1384CB3C00BC9EF6 /* zkDescribeGlobalSObject.m in Sources */,
				F48AB8CF1384CB3C00BC9EF6 /* ZKDescribeLayout.m in Sources */,
				F48AB8D01384CB3C00BC9EF6 /* ZKDescribeLayoutButton.m in Sources */,
				F48AB8D11384CB3C00BC9EF6 /* ZKDescribeLayoutButtonSection.m in Sources */,
				F48AB8D21384CB3C00BC9EF6 /* ZKDescribeLayoutComponent.m in Sources */,
				F48AB8D31384CB3C00BC9EF6 /* ZKDescribeLayoutItem.m in Sources */,
				F48AB8D41384CB3C00BC9EF6 /* ZKDescribeLayoutResult.m in Sources */,
				F48AB8D51384CB3C00BC9EF6 /* ZKDescribeLayoutRow.m in Sources */,
				F48AB8D61384CB3C00BC9EF6 /* ZKDescribeLayoutSection.m in Sources */,
				F48AB8D71384CB3C00BC9EF6 /* zkDescribeSObject.m in Sources */,
				F48AB8D81384CB3C00BC9EF6 /* zkEnvelope.m in Sources */,
				F48AB8D91384CB3C00BC9EF6 /* zkLoginResult.m in Sources */,
				F48AB8DA1384CB3C00BC9EF6 /* zkParser.m in Sources */,
				F48AB8DB1384CB3C00BC9EF6 /* ZKPartnerEnvelope.m in Sources */,
				F48AB8DC1384CB3C00BC9EF6 /* ZKPicklistEntry.m in Sources */,
				F48AB8DD1384CB3C00BC9EF6 /* ZKPicklistForRecordType.m in Sources */,
				F48AB8DE1384CB3C00BC9EF6 /* zkQueryResult_NSTableView.m in Sources */,
				F48AB8DF1384CB3C00BC9EF6 /* zkQueryResult.m in Sources */,
				F48AB8E01384CB3C00BC9EF6 /* ZKRecordTypeInfo.m in Sources */,
				F48AB8E11384CB3C00BC9EF6 /* ZKRecordTypeMapping.m in Sources */,
				F48AB8E21384CB3C00BC9EF6 /* ZKRelatedList.m in Sources */,
				F48AB8E31384CB3C00BC9EF6 /* ZKRelatedListColumn.m in Sources */,
				F48AB8E41384CB3C00BC9EF6 /* ZKRelatedListSort.m in Sources */,
				F48AB8E51384CB3C00BC9EF6 /* zkSaveResult.m in Sources */,
				F48AB8E61384CB3C00BC9EF6 /* zkSforceClient.m in Sources */,
				F48AB8E71384CB3C00BC9EF6 /* zkSoapException.m in Sources */,
				F48AB8E81384CB3C00BC9EF6 /* zkSObject.m in Sources */,
				F48AB8E91384CB3C00BC9EF6 /* zkUserInfo.m in Sources */,
				F48AB8EA1384CB3C00BC9EF6 /* zkXmlDeserializer.m in Sources */,
				F48AB8F51384D0B800BC9EF6 /* FeedDataSource.m in Sources */,
				F48AB9141384D71300BC9EF6 /* ZKSObject_KVO.m in Sources */,
				F48AB9181384DC1700BC9EF6 /* credential.m in Sources */,
				F48AB9231384E09C00BC9EF6 /* FeedItem.m in Sources */,
				F426C02513861DCC00004388 /* NSDate_iso8601.m in Sources */,
				F4D08BED13883F0300A4C273 /* AMCollectionView.m in Sources */,
				F4D08BEE13883F0300A4C273 /* AMCollectionViewItem.m in Sources */,
				F4D08BF31388404C00A4C273 /* CollectionViewFeedItem.m in Sources */,
				F4D08BF61388428100A4C273 /* CollectionViewFeed.m in Sources */,
				F454E218138B56F500CC8158 /* FeedViewController.m in Sources */,
				F454E21B138CC06C00CC8158 /* NSArray_extras.m in Sources */,
			);
			runOnlyForDeploymentPostprocessing = 0;
		};
/* End PBXSourcesBuildPhase section */

/* Begin PBXTargetDependency section */
		F40C82C81388904B00B6C525 /* PBXTargetDependency */ = {
			isa = PBXTargetDependency;
			name = BayesianKit;
			targetProxy = F40C82C71388904B00B6C525 /* PBXContainerItemProxy */;
		};
/* End PBXTargetDependency section */

/* Begin PBXVariantGroup section */
		F48AB8691384C66400BC9EF6 /* InfoPlist.strings */ = {
			isa = PBXVariantGroup;
			children = (
				F48AB86A1384C66400BC9EF6 /* en */,
			);
			name = InfoPlist.strings;
			sourceTree = "<group>";
		};
		F48AB8751384C66400BC9EF6 /* MainMenu.xib */ = {
			isa = PBXVariantGroup;
			children = (
				F48AB8761384C66400BC9EF6 /* en */,
			);
			name = MainMenu.xib;
			sourceTree = "<group>";
		};
/* End PBXVariantGroup section */

/* Begin XCBuildConfiguration section */
		F48AB8781384C66400BC9EF6 /* Debug */ = {
			isa = XCBuildConfiguration;
			buildSettings = {
				ARCHS = "$(ARCHS_STANDARD_32_64_BIT)";
				GCC_C_LANGUAGE_STANDARD = gnu99;
				GCC_OPTIMIZATION_LEVEL = 0;
				GCC_PREPROCESSOR_DEFINITIONS = DEBUG;
				GCC_SYMBOLS_PRIVATE_EXTERN = NO;
				GCC_VERSION = com.apple.compilers.llvm.clang.1_0;
				GCC_WARN_64_TO_32_BIT_CONVERSION = YES;
				GCC_WARN_ABOUT_RETURN_TYPE = YES;
				GCC_WARN_UNUSED_VARIABLE = YES;
				MACOSX_DEPLOYMENT_TARGET = 10.6;
				ONLY_ACTIVE_ARCH = YES;
				SDKROOT = macosx;
			};
			name = Debug;
		};
		F48AB8791384C66400BC9EF6 /* Release */ = {
			isa = XCBuildConfiguration;
			buildSettings = {
				ARCHS = "$(ARCHS_STANDARD_32_64_BIT)";
				GCC_C_LANGUAGE_STANDARD = gnu99;
				GCC_VERSION = com.apple.compilers.llvm.clang.1_0;
				GCC_WARN_64_TO_32_BIT_CONVERSION = YES;
				GCC_WARN_ABOUT_RETURN_TYPE = YES;
				GCC_WARN_UNUSED_VARIABLE = YES;
				MACOSX_DEPLOYMENT_TARGET = 10.6;
				SDKROOT = macosx;
			};
			name = Release;
		};
		F48AB87B1384C66400BC9EF6 /* Debug */ = {
			isa = XCBuildConfiguration;
			buildSettings = {
				ALWAYS_SEARCH_USER_PATHS = NO;
				COPY_PHASE_STRIP = NO;
				FRAMEWORK_SEARCH_PATHS = (
					"$(inherited)",
					"\"$(SRCROOT)\"",
				);
				GCC_DYNAMIC_NO_PIC = NO;
				GCC_ENABLE_OBJC_EXCEPTIONS = YES;
				GCC_PRECOMPILE_PREFIX_HEADER = YES;
				GCC_PREFIX_HEADER = "TakeBackChatter/TakeBackChatter-Prefix.pch";
				HEADER_SEARCH_PATHS = /usr/include/libxml2;
				INFOPLIST_FILE = "TakeBackChatter/TakeBackChatter-Info.plist";
				PRODUCT_NAME = "$(TARGET_NAME)";
				WRAPPER_EXTENSION = app;
			};
			name = Debug;
		};
		F48AB87C1384C66400BC9EF6 /* Release */ = {
			isa = XCBuildConfiguration;
			buildSettings = {
				ALWAYS_SEARCH_USER_PATHS = NO;
				COPY_PHASE_STRIP = YES;
				DEBUG_INFORMATION_FORMAT = "dwarf-with-dsym";
				FRAMEWORK_SEARCH_PATHS = (
					"$(inherited)",
					"\"$(SRCROOT)\"",
				);
				GCC_ENABLE_OBJC_EXCEPTIONS = YES;
				GCC_PRECOMPILE_PREFIX_HEADER = YES;
				GCC_PREFIX_HEADER = "TakeBackChatter/TakeBackChatter-Prefix.pch";
				HEADER_SEARCH_PATHS = /usr/include/libxml2;
				INFOPLIST_FILE = "TakeBackChatter/TakeBackChatter-Info.plist";
				PRODUCT_NAME = "$(TARGET_NAME)";
				WRAPPER_EXTENSION = app;
			};
			name = Release;
		};
/* End XCBuildConfiguration section */

/* Begin XCConfigurationList section */
		F48AB8561384C66400BC9EF6 /* Build configuration list for PBXProject "TakeBackChatter" */ = {
			isa = XCConfigurationList;
			buildConfigurations = (
				F48AB8781384C66400BC9EF6 /* Debug */,
				F48AB8791384C66400BC9EF6 /* Release */,
			);
			defaultConfigurationIsVisible = 0;
			defaultConfigurationName = Release;
		};
		F48AB87A1384C66400BC9EF6 /* Build configuration list for PBXNativeTarget "TakeBackChatter" */ = {
			isa = XCConfigurationList;
			buildConfigurations = (
				F48AB87B1384C66400BC9EF6 /* Debug */,
				F48AB87C1384C66400BC9EF6 /* Release */,
			);
			defaultConfigurationIsVisible = 0;
			defaultConfigurationName = Release;
		};
/* End XCConfigurationList section */
	};
	rootObject = F48AB8531384C66400BC9EF6 /* Project object */;
}
